
Microsoft Visual Studio Solution File, Format Version 12.00
# Visual Studio Version 17
VisualStudioVersion = 17.0.32126.317
MinimumVisualStudioVersion = 10.0.40219.1
Project("{FAE04EC0-301F-11D3-BF4B-00C04F79EFBC}") = "GetListOfSubClasses", "Net4\GetListOfSubClasses\GetListOfSubClasses.csproj", "{F8DCE92F-E831-4797-884F-38686E34DBEE}"
EndProject
Project("{FAE04EC0-301F-11D3-BF4B-00C04F79EFBC}") = "INIFileMan", "Net4\INIFileMan\INIFileMan.csproj", "{5BF94FA5-1AAC-4CFD-A8DA-CD523FFBB962}"
EndProject
Project("{FAE04EC0-301F-11D3-BF4B-00C04F79EFBC}") = "CheckForEmptyDir", "Net4\CheckForEmptyDir\CheckForEmptyDir.csproj", "{A814378F-EA3C-42B0-AE0C-27B85FB22359}"
EndProject
Project("{2150E333-8FDC-42A3-9474-1A3956D46DE8}") = "Net6", "Net6", "{71C390D6-EBFF-4C91-92B4-2C8DEA2E3D64}"
EndProject
Project("{9A19103F-16F7-4668-BE54-9A1E7A4F7556}") = "GetListOfSubClasses", "Net6\GetListOfSubClasses\GetListOfSubClasses.csproj", "{49F3ADEA-9AFB-40F9-9C16-B248A6703221}"
EndProject
Project("{9A19103F-16F7-4668-BE54-9A1E7A4F7556}") = "CheckForEmptyDir", "Net6\CheckForEmptyDir\CheckForEmptyDir.csproj", "{A1894253-A51D-4E3A-83D2-F8BF56C4ABEB}"
EndProject
Project("{9A19103F-16F7-4668-BE54-9A1E7A4F7556}") = "INIFileMan", "Net6\INIFileMan\INIFileMan.csproj", "{817B5CDE-31C7-493F-880B-1E142076169F}"
EndProject
Project("{2150E333-8FDC-42A3-9474-1A3956D46DE8}") = "Net4", "Net4", "{A53123EA-134A-4332-8891-A75038509DA5}"
EndProject
Project("{FAE04EC0-301F-11D3-BF4B-00C04F79EFBC}") = "CheckForEmptyDir", "CheckForEmptyDir\CheckForEmptyDir.csproj", "{1E3FCC2D-B863-4537-AC97-6B905613E31D}"
EndProject
Project("{FAE04EC0-301F-11D3-BF4B-00C04F79EFBC}") = "GetListOfSubClasses", "GetListOfSubClasses\GetListOfSubClasses.csproj", "{F3A8C073-D301-4771-8E8D-5F23CE3DF444}"
EndProject
Project("{FAE04EC0-301F-11D3-BF4B-00C04F79EFBC}") = "INIFileMan", "INIFileMan\INIFileMan.csproj", "{8001ADC1-2D25-4703-88D6-CD4C0997444F}"
EndProject
Global
	GlobalSection(SolutionConfigurationPlatforms) = preSolution
		Debug|Any CPU = Debug|Any CPU
		Release|Any CPU = Release|Any CPU
	EndGlobalSection
	GlobalSection(ProjectConfigurationPlatforms) = postSolution
		{F8DCE92F-E831-4797-884F-38686E34DBEE}.Debug|Any CPU.ActiveCfg = Debug|Any CPU
		{F8DCE92F-E831-4797-884F-38686E34DBEE}.Debug|Any CPU.Build.0 = Debug|Any CPU
		{F8DCE92F-E831-4797-884F-38686E34DBEE}.Release|Any CPU.ActiveCfg = Release|Any CPU
		{F8DCE92F-E831-4797-884F-38686E34DBEE}.Release|Any CPU.Build.0 = Release|Any CPU
		{5BF94FA5-1AAC-4CFD-A8DA-CD523FFBB962}.Debug|Any CPU.ActiveCfg = Debug|Any CPU
		{5BF94FA5-1AAC-4CFD-A8DA-CD523FFBB962}.Debug|Any CPU.Build.0 = Debug|Any CPU
		{5BF94FA5-1AAC-4CFD-A8DA-CD523FFBB962}.Release|Any CPU.ActiveCfg = Release|Any CPU
		{5BF94FA5-1AAC-4CFD-A8DA-CD523FFBB962}.Release|Any CPU.Build.0 = Release|Any CPU
		{A814378F-EA3C-42B0-AE0C-27B85FB22359}.Debug|Any CPU.ActiveCfg = Debug|Any CPU
		{A814378F-EA3C-42B0-AE0C-27B85FB22359}.Debug|Any CPU.Build.0 = Debug|Any CPU
		{A814378F-EA3C-42B0-AE0C-27B85FB22359}.Release|Any CPU.ActiveCfg = Release|Any CPU
		{A814378F-EA3C-42B0-AE0C-27B85FB22359}.Release|Any CPU.Build.0 = Release|Any CPU
		{49F3ADEA-9AFB-40F9-9C16-B248A6703221}.Debug|Any CPU.ActiveCfg = Debug|Any CPU
		{49F3ADEA-9AFB-40F9-9C16-B248A6703221}.Debug|Any CPU.Build.0 = Debug|Any CPU
		{49F3ADEA-9AFB-40F9-9C16-B248A6703221}.Release|Any CPU.ActiveCfg = Release|Any CPU
		{49F3ADEA-9AFB-40F9-9C16-B248A6703221}.Release|Any CPU.Build.0 = Release|Any CPU
		{A1894253-A51D-4E3A-83D2-F8BF56C4ABEB}.Debug|Any CPU.ActiveCfg = Debug|Any CPU
		{A1894253-A51D-4E3A-83D2-F8BF56C4ABEB}.Debug|Any CPU.Build.0 = Debug|Any CPU
		{A1894253-A51D-4E3A-83D2-F8BF56C4ABEB}.Release|Any CPU.ActiveCfg = Release|Any CPU
		{A1894253-A51D-4E3A-83D2-F8BF56C4ABEB}.Release|Any CPU.Build.0 = Release|Any CPU
		{817B5CDE-31C7-493F-880B-1E142076169F}.Debug|Any CPU.ActiveCfg = Debug|Any CPU
		{817B5CDE-31C7-493F-880B-1E142076169F}.Debug|Any CPU.Build.0 = Debug|Any CPU
		{817B5CDE-31C7-493F-880B-1E142076169F}.Release|Any CPU.ActiveCfg = Release|Any CPU
		{817B5CDE-31C7-493F-880B-1E142076169F}.Release|Any CPU.Build.0 = Release|Any CPU
		{1E3FCC2D-B863-4537-AC97-6B905613E31D}.Debug|Any CPU.ActiveCfg = Debug|Any CPU
		{1E3FCC2D-B863-4537-AC97-6B905613E31D}.Debug|Any CPU.Build.0 = Debug|Any CPU
		{1E3FCC2D-B863-4537-AC97-6B905613E31D}.Release|Any CPU.ActiveCfg = Release|Any CPU
		{1E3FCC2D-B863-4537-AC97-6B905613E31D}.Release|Any CPU.Build.0 = Release|Any CPU
		{F3A8C073-D301-4771-8E8D-5F23CE3DF444}.Debug|Any CPU.ActiveCfg = Debug|Any CPU
		{F3A8C073-D301-4771-8E8D-5F23CE3DF444}.Debug|Any CPU.Build.0 = Debug|Any CPU
		{F3A8C073-D301-4771-8E8D-5F23CE3DF444}.Release|Any CPU.ActiveCfg = Release|Any CPU
		{F3A8C073-D301-4771-8E8D-5F23CE3DF444}.Release|Any CPU.Build.0 = Release|Any CPU
		{8001ADC1-2D25-4703-88D6-CD4C0997444F}.Debug|Any CPU.ActiveCfg = Debug|Any CPU
		{8001ADC1-2D25-4703-88D6-CD4C0997444F}.Debug|Any CPU.Build.0 = Debug|Any CPU
		{8001ADC1-2D25-4703-88D6-CD4C0997444F}.Release|Any CPU.ActiveCfg = Release|Any CPU
		{8001ADC1-2D25-4703-88D6-CD4C0997444F}.Release|Any CPU.Build.0 = Release|Any CPU
	EndGlobalSection
	GlobalSection(SolutionProperties) = preSolution
		HideSolutionNode = FALSE
	EndGlobalSection
	GlobalSection(NestedProjects) = preSolution
		{F8DCE92F-E831-4797-884F-38686E34DBEE} = {A53123EA-134A-4332-8891-A75038509DA5}
		{5BF94FA5-1AAC-4CFD-A8DA-CD523FFBB962} = {A53123EA-134A-4332-8891-A75038509DA5}
		{A814378F-EA3C-42B0-AE0C-27B85FB22359} = {A53123EA-134A-4332-8891-A75038509DA5}
		{49F3ADEA-9AFB-40F9-9C16-B248A6703221} = {71C390D6-EBFF-4C91-92B4-2C8DEA2E3D64}
		{A1894253-A51D-4E3A-83D2-F8BF56C4ABEB} = {71C390D6-EBFF-4C91-92B4-2C8DEA2E3D64}
		{817B5CDE-31C7-493F-880B-1E142076169F} = {71C390D6-EBFF-4C91-92B4-2C8DEA2E3D64}
	EndGlobalSection
	GlobalSection(ExtensibilityGlobals) = postSolution
		SolutionGuid = {A9DBABFC-AFE9-4E5F-9F00-2127516B8804}
	EndGlobalSection
EndGlobal
